// !$*UTF8*$!
{
	archiveVersion = 1;
	classes = {
	};
	objectVersion = 46;
	objects = {

/* Begin PBXBuildFile section */
		01293E7E1D819FDB002E219F /* DriveViewController.swift in Sources */ = {isa = PBXBuildFile; fileRef = 01293E7D1D819FDB002E219F /* DriveViewController.swift */; };
		0140558E1D81A38F004CC17E /* DriveScene.swift in Sources */ = {isa = PBXBuildFile; fileRef = 0140558D1D81A38F004CC17E /* DriveScene.swift */; };
		014055901D81AA98004CC17E /* MotorConverter.swift in Sources */ = {isa = PBXBuildFile; fileRef = 0140558F1D81AA98004CC17E /* MotorConverter.swift */; };
		083DEE86FA6C75824C8025DB /* Pods_DysonWars.framework in Frameworks */ = {isa = PBXBuildFile; fileRef = 8E9EF3928D2CD3ED8F0BE203 /* Pods_DysonWars.framework */; };
		324E88BA1D819DA9008C525A /* AnalogJoystick.swift in Sources */ = {isa = PBXBuildFile; fileRef = 324E88B91D819DA9008C525A /* AnalogJoystick.swift */; };
		324E88BD1D819F97008C525A /* Configuration.swift in Sources */ = {isa = PBXBuildFile; fileRef = 324E88BC1D819F97008C525A /* Configuration.swift */; };
		324E88BF1D81AEF3008C525A /* TouchWheel.swift in Sources */ = {isa = PBXBuildFile; fileRef = 324E88BE1D81AEF3008C525A /* TouchWheel.swift */; };
		32C45F881D81983000569E72 /* AppDelegate.swift in Sources */ = {isa = PBXBuildFile; fileRef = 32C45F871D81983000569E72 /* AppDelegate.swift */; };
		32C45F8A1D81983000569E72 /* ViewController.swift in Sources */ = {isa = PBXBuildFile; fileRef = 32C45F891D81983000569E72 /* ViewController.swift */; };
		32C45F8D1D81983000569E72 /* Main.storyboard in Resources */ = {isa = PBXBuildFile; fileRef = 32C45F8B1D81983000569E72 /* Main.storyboard */; };
		32C45F8F1D81983000569E72 /* Assets.xcassets in Resources */ = {isa = PBXBuildFile; fileRef = 32C45F8E1D81983000569E72 /* Assets.xcassets */; };
		32C45F921D81983000569E72 /* LaunchScreen.storyboard in Resources */ = {isa = PBXBuildFile; fileRef = 32C45F901D81983000569E72 /* LaunchScreen.storyboard */; };
		423A45CE1D81B245007A8A36 /* Robot.swift in Sources */ = {isa = PBXBuildFile; fileRef = 423A45CD1D81B245007A8A36 /* Robot.swift */; };
/* End PBXBuildFile section */

/* Begin PBXFileReference section */
		01293E7D1D819FDB002E219F /* DriveViewController.swift */ = {isa = PBXFileReference; fileEncoding = 4; lastKnownFileType = sourcecode.swift; path = DriveViewController.swift; sourceTree = "<group>"; };
		0140558D1D81A38F004CC17E /* DriveScene.swift */ = {isa = PBXFileReference; fileEncoding = 4; lastKnownFileType = sourcecode.swift; path = DriveScene.swift; sourceTree = "<group>"; };
		0140558F1D81AA98004CC17E /* MotorConverter.swift */ = {isa = PBXFileReference; fileEncoding = 4; lastKnownFileType = sourcecode.swift; path = MotorConverter.swift; sourceTree = "<group>"; };
		324E88B91D819DA9008C525A /* AnalogJoystick.swift */ = {isa = PBXFileReference; fileEncoding = 4; lastKnownFileType = sourcecode.swift; path = AnalogJoystick.swift; sourceTree = "<group>"; };
		324E88BC1D819F97008C525A /* Configuration.swift */ = {isa = PBXFileReference; fileEncoding = 4; lastKnownFileType = sourcecode.swift; path = Configuration.swift; sourceTree = "<group>"; };
		324E88BE1D81AEF3008C525A /* TouchWheel.swift */ = {isa = PBXFileReference; fileEncoding = 4; lastKnownFileType = sourcecode.swift; path = TouchWheel.swift; sourceTree = "<group>"; };
		32C45F841D81983000569E72 /* DysonWars.app */ = {isa = PBXFileReference; explicitFileType = wrapper.application; includeInIndex = 0; path = DysonWars.app; sourceTree = BUILT_PRODUCTS_DIR; };
		32C45F871D81983000569E72 /* AppDelegate.swift */ = {isa = PBXFileReference; lastKnownFileType = sourcecode.swift; path = AppDelegate.swift; sourceTree = "<group>"; };
		32C45F891D81983000569E72 /* ViewController.swift */ = {isa = PBXFileReference; lastKnownFileType = sourcecode.swift; path = ViewController.swift; sourceTree = "<group>"; };
		32C45F8C1D81983000569E72 /* Base */ = {isa = PBXFileReference; lastKnownFileType = file.storyboard; name = Base; path = Base.lproj/Main.storyboard; sourceTree = "<group>"; };
		32C45F8E1D81983000569E72 /* Assets.xcassets */ = {isa = PBXFileReference; lastKnownFileType = folder.assetcatalog; path = Assets.xcassets; sourceTree = "<group>"; };
		32C45F911D81983000569E72 /* Base */ = {isa = PBXFileReference; lastKnownFileType = file.storyboard; name = Base; path = Base.lproj/LaunchScreen.storyboard; sourceTree = "<group>"; };
		32C45F931D81983000569E72 /* Info.plist */ = {isa = PBXFileReference; lastKnownFileType = text.plist.xml; path = Info.plist; sourceTree = "<group>"; };
		423A45CD1D81B245007A8A36 /* Robot.swift */ = {isa = PBXFileReference; fileEncoding = 4; lastKnownFileType = sourcecode.swift; path = Robot.swift; sourceTree = "<group>"; };
		8E9EF3928D2CD3ED8F0BE203 /* Pods_DysonWars.framework */ = {isa = PBXFileReference; explicitFileType = wrapper.framework; includeInIndex = 0; path = Pods_DysonWars.framework; sourceTree = BUILT_PRODUCTS_DIR; };
		B83DBD1A8A690A24998D8FA5 /* Pods-DysonWars.release.xcconfig */ = {isa = PBXFileReference; includeInIndex = 1; lastKnownFileType = text.xcconfig; name = "Pods-DysonWars.release.xcconfig"; path = "Pods/Target Support Files/Pods-DysonWars/Pods-DysonWars.release.xcconfig"; sourceTree = "<group>"; };
		C0D695097020A5A4BD779DCE /* Pods-DysonWars.debug.xcconfig */ = {isa = PBXFileReference; includeInIndex = 1; lastKnownFileType = text.xcconfig; name = "Pods-DysonWars.debug.xcconfig"; path = "Pods/Target Support Files/Pods-DysonWars/Pods-DysonWars.debug.xcconfig"; sourceTree = "<group>"; };
/* End PBXFileReference section */

/* Begin PBXFrameworksBuildPhase section */
		32C45F811D81983000569E72 /* Frameworks */ = {
			isa = PBXFrameworksBuildPhase;
			buildActionMask = 2147483647;
			files = (
				083DEE86FA6C75824C8025DB /* Pods_DysonWars.framework in Frameworks */,
			);
			runOnlyForDeploymentPostprocessing = 0;
		};
/* End PBXFrameworksBuildPhase section */

/* Begin PBXGroup section */
		324E88B81D819D9D008C525A /* JoyStick */ = {
			isa = PBXGroup;
			children = (
				324E88B91D819DA9008C525A /* AnalogJoystick.swift */,
				324E88BE1D81AEF3008C525A /* TouchWheel.swift */,
			);
			name = JoyStick;
			sourceTree = "<group>";
		};
		324E88BB1D819F87008C525A /* Networking */ = {
			isa = PBXGroup;
			children = (
				324E88BC1D819F97008C525A /* Configuration.swift */,
			);
			name = Networking;
			sourceTree = "<group>";
		};
		32C45F7B1D81983000569E72 = {
			isa = PBXGroup;
			children = (
				32C45F861D81983000569E72 /* DysonWars */,
				32C45F851D81983000569E72 /* Products */,
				78DDD3AA1EDD61D8E1038D7D /* Pods */,
				E3FAB8B32834C6096EB91F4F /* Frameworks */,
			);
			sourceTree = "<group>";
		};
		32C45F851D81983000569E72 /* Products */ = {
			isa = PBXGroup;
			children = (
				32C45F841D81983000569E72 /* DysonWars.app */,
			);
			name = Products;
			sourceTree = "<group>";
		};
		32C45F861D81983000569E72 /* DysonWars */ = {
			isa = PBXGroup;
			children = (
				423A45CD1D81B245007A8A36 /* Robot.swift */,
				324E88BB1D819F87008C525A /* Networking */,
				324E88B81D819D9D008C525A /* JoyStick */,
				32C45F871D81983000569E72 /* AppDelegate.swift */,
				32C45F891D81983000569E72 /* ViewController.swift */,
				32C45F8B1D81983000569E72 /* Main.storyboard */,
				32C45F8E1D81983000569E72 /* Assets.xcassets */,
				32C45F901D81983000569E72 /* LaunchScreen.storyboard */,
				32C45F931D81983000569E72 /* Info.plist */,
				01293E7D1D819FDB002E219F /* DriveViewController.swift */,
				0140558D1D81A38F004CC17E /* DriveScene.swift */,
				0140558F1D81AA98004CC17E /* MotorConverter.swift */,
			);
			path = DysonWars;
			sourceTree = "<group>";
		};
		78DDD3AA1EDD61D8E1038D7D /* Pods */ = {
			isa = PBXGroup;
			children = (
				C0D695097020A5A4BD779DCE /* Pods-DysonWars.debug.xcconfig */,
				B83DBD1A8A690A24998D8FA5 /* Pods-DysonWars.release.xcconfig */,
			);
			name = Pods;
			sourceTree = "<group>";
		};
		E3FAB8B32834C6096EB91F4F /* Frameworks */ = {
			isa = PBXGroup;
			children = (
				8E9EF3928D2CD3ED8F0BE203 /* Pods_DysonWars.framework */,
			);
			name = Frameworks;
			sourceTree = "<group>";
		};
/* End PBXGroup section */

/* Begin PBXNativeTarget section */
		32C45F831D81983000569E72 /* DysonWars */ = {
			isa = PBXNativeTarget;
			buildConfigurationList = 32C45F961D81983000569E72 /* Build configuration list for PBXNativeTarget "DysonWars" */;
			buildPhases = (
				D5BA910D683B7EDF7E18EDA9 /* [CP] Check Pods Manifest.lock */,
				32C45F801D81983000569E72 /* Sources */,
				32C45F811D81983000569E72 /* Frameworks */,
				32C45F821D81983000569E72 /* Resources */,
				1F7141090AD236BB9F3AA265 /* [CP] Embed Pods Frameworks */,
				6270E9D3285B40B027FCF704 /* [CP] Copy Pods Resources */,
			);
			buildRules = (
			);
			dependencies = (
			);
			name = DysonWars;
			productName = DysonWars;
			productReference = 32C45F841D81983000569E72 /* DysonWars.app */;
			productType = "com.apple.product-type.application";
		};
/* End PBXNativeTarget section */

/* Begin PBXProject section */
		32C45F7C1D81983000569E72 /* Project object */ = {
			isa = PBXProject;
			attributes = {
				LastSwiftUpdateCheck = 0730;
				LastUpgradeCheck = 0730;
				ORGANIZATIONNAME = "Ben Callis";
				TargetAttributes = {
					32C45F831D81983000569E72 = {
						CreatedOnToolsVersion = 7.3.1;
					};
				};
			};
			buildConfigurationList = 32C45F7F1D81983000569E72 /* Build configuration list for PBXProject "DysonWars" */;
			compatibilityVersion = "Xcode 3.2";
			developmentRegion = English;
			hasScannedForEncodings = 0;
			knownRegions = (
				en,
				Base,
			);
			mainGroup = 32C45F7B1D81983000569E72;
			productRefGroup = 32C45F851D81983000569E72 /* Products */;
			projectDirPath = "";
			projectRoot = "";
			targets = (
				32C45F831D81983000569E72 /* DysonWars */,
			);
		};
/* End PBXProject section */

/* Begin PBXResourcesBuildPhase section */
		32C45F821D81983000569E72 /* Resources */ = {
			isa = PBXResourcesBuildPhase;
			buildActionMask = 2147483647;
			files = (
				32C45F921D81983000569E72 /* LaunchScreen.storyboard in Resources */,
				32C45F8F1D81983000569E72 /* Assets.xcassets in Resources */,
				32C45F8D1D81983000569E72 /* Main.storyboard in Resources */,
			);
			runOnlyForDeploymentPostprocessing = 0;
		};
/* End PBXResourcesBuildPhase section */

/* Begin PBXShellScriptBuildPhase section */
		1F7141090AD236BB9F3AA265 /* [CP] Embed Pods Frameworks */ = {
			isa = PBXShellScriptBuildPhase;
			buildActionMask = 2147483647;
			files = (
			);
			inputPaths = (
			);
			name = "[CP] Embed Pods Frameworks";
			outputPaths = (
			);
			runOnlyForDeploymentPostprocessing = 0;
			shellPath = /bin/sh;
			shellScript = "\"${SRCROOT}/Pods/Target Support Files/Pods-DysonWars/Pods-DysonWars-frameworks.sh\"\n";
			showEnvVarsInLog = 0;
		};
		6270E9D3285B40B027FCF704 /* [CP] Copy Pods Resources */ = {
			isa = PBXShellScriptBuildPhase;
			buildActionMask = 2147483647;
			files = (
			);
			inputPaths = (
			);
			name = "[CP] Copy Pods Resources";
			outputPaths = (
			);
			runOnlyForDeploymentPostprocessing = 0;
			shellPath = /bin/sh;
			shellScript = "\"${SRCROOT}/Pods/Target Support Files/Pods-DysonWars/Pods-DysonWars-resources.sh\"\n";
			showEnvVarsInLog = 0;
		};
		D5BA910D683B7EDF7E18EDA9 /* [CP] Check Pods Manifest.lock */ = {
			isa = PBXShellScriptBuildPhase;
			buildActionMask = 2147483647;
			files = (
			);
			inputPaths = (
			);
			name = "[CP] Check Pods Manifest.lock";
			outputPaths = (
			);
			runOnlyForDeploymentPostprocessing = 0;
			shellPath = /bin/sh;
			shellScript = "diff \"${PODS_ROOT}/../Podfile.lock\" \"${PODS_ROOT}/Manifest.lock\" > /dev/null\nif [[ $? != 0 ]] ; then\n    cat << EOM\nerror: The sandbox is not in sync with the Podfile.lock. Run 'pod install' or update your CocoaPods installation.\nEOM\n    exit 1\nfi\n";
			showEnvVarsInLog = 0;
		};
/* End PBXShellScriptBuildPhase section */

/* Begin PBXSourcesBuildPhase section */
		32C45F801D81983000569E72 /* Sources */ = {
			isa = PBXSourcesBuildPhase;
			buildActionMask = 2147483647;
			files = (
				0140558E1D81A38F004CC17E /* DriveScene.swift in Sources */,
				014055901D81AA98004CC17E /* MotorConverter.swift in Sources */,
				32C45F8A1D81983000569E72 /* ViewController.swift in Sources */,
				423A45CE1D81B245007A8A36 /* Robot.swift in Sources */,
				01293E7E1D819FDB002E219F /* DriveViewController.swift in Sources */,
				324E88BA1D819DA9008C525A /* AnalogJoystick.swift in Sources */,
				324E88BD1D819F97008C525A /* Configuration.swift in Sources */,
				32C45F881D81983000569E72 /* AppDelegate.swift in Sources */,
				324E88BF1D81AEF3008C525A /* TouchWheel.swift in Sources */,
			);
			runOnlyForDeploymentPostprocessing = 0;
		};
/* End PBXSourcesBuildPhase section */

/* Begin PBXVariantGroup section */
		32C45F8B1D81983000569E72 /* Main.storyboard */ = {
			isa = PBXVariantGroup;
			children = (
				32C45F8C1D81983000569E72 /* Base */,
			);
			name = Main.storyboard;
			sourceTree = "<group>";
		};
		32C45F901D81983000569E72 /* LaunchScreen.storyboard */ = {
			isa = PBXVariantGroup;
			children = (
				32C45F911D81983000569E72 /* Base */,
			);
			name = LaunchScreen.storyboard;
			sourceTree = "<group>";
		};
/* End PBXVariantGroup section */

/* Begin XCBuildConfiguration section */
		32C45F941D81983000569E72 /* Debug */ = {
			isa = XCBuildConfiguration;
			buildSettings = {
				ALWAYS_SEARCH_USER_PATHS = NO;
				CLANG_ANALYZER_NONNULL = YES;
				CLANG_CXX_LANGUAGE_STANDARD = "gnu++0x";
				CLANG_CXX_LIBRARY = "libc++";
				CLANG_ENABLE_MODULES = YES;
				CLANG_ENABLE_OBJC_ARC = YES;
				CLANG_WARN_BOOL_CONVERSION = YES;
				CLANG_WARN_CONSTANT_CONVERSION = YES;
				CLANG_WARN_DIRECT_OBJC_ISA_USAGE = YES_ERROR;
				CLANG_WARN_EMPTY_BODY = YES;
				CLANG_WARN_ENUM_CONVERSION = YES;
				CLANG_WARN_INT_CONVERSION = YES;
				CLANG_WARN_OBJC_ROOT_CLASS = YES_ERROR;
				CLANG_WARN_UNREACHABLE_CODE = YES;
				CLANG_WARN__DUPLICATE_METHOD_MATCH = YES;
				"CODE_SIGN_IDENTITY[sdk=iphoneos*]" = "iPhone Developer";
				COPY_PHASE_STRIP = NO;
				DEBUG_INFORMATION_FORMAT = dwarf;
				ENABLE_STRICT_OBJC_MSGSEND = YES;
				ENABLE_TESTABILITY = YES;
				GCC_C_LANGUAGE_STANDARD = gnu99;
				GCC_DYNAMIC_NO_PIC = NO;
				GCC_NO_COMMON_BLOCKS = YES;
				GCC_OPTIMIZATION_LEVEL = 0;
				GCC_PREPROCESSOR_DEFINITIONS = (
					"DEBUG=1",
					"$(inherited)",
				);
				GCC_WARN_64_TO_32_BIT_CONVERSION = YES;
				GCC_WARN_ABOUT_RETURN_TYPE = YES_ERROR;
				GCC_WARN_UNDECLARED_SELECTOR = YES;
				GCC_WARN_UNINITIALIZED_AUTOS = YES_AGGRESSIVE;
				GCC_WARN_UNUSED_FUNCTION = YES;
				GCC_WARN_UNUSED_VARIABLE = YES;
				IPHONEOS_DEPLOYMENT_TARGET = 9.3;
				MTL_ENABLE_DEBUG_INFO = YES;
				ONLY_ACTIVE_ARCH = YES;
				SDKROOT = iphoneos;
				SWIFT_OPTIMIZATION_LEVEL = "-Onone";
				TARGETED_DEVICE_FAMILY = "1,2";
			};
			name = Debug;
		};
		32C45F951D81983000569E72 /* Release */ = {
			isa = XCBuildConfiguration;
			buildSettings = {
				ALWAYS_SEARCH_USER_PATHS = NO;
				CLANG_ANALYZER_NONNULL = YES;
				CLANG_CXX_LANGUAGE_STANDARD = "gnu++0x";
				CLANG_CXX_LIBRARY = "libc++";
				CLANG_ENABLE_MODULES = YES;
				CLANG_ENABLE_OBJC_ARC = YES;
				CLANG_WARN_BOOL_CONVERSION = YES;
				CLANG_WARN_CONSTANT_CONVERSION = YES;
				CLANG_WARN_DIRECT_OBJC_ISA_USAGE = YES_ERROR;
				CLANG_WARN_EMPTY_BODY = YES;
				CLANG_WARN_ENUM_CONVERSION = YES;
				CLANG_WARN_INT_CONVERSION = YES;
				CLANG_WARN_OBJC_ROOT_CLASS = YES_ERROR;
				CLANG_WARN_UNREACHABLE_CODE = YES;
				CLANG_WARN__DUPLICATE_METHOD_MATCH = YES;
				"CODE_SIGN_IDENTITY[sdk=iphoneos*]" = "iPhone Developer";
				COPY_PHASE_STRIP = NO;
				DEBUG_INFORMATION_FORMAT = "dwarf-with-dsym";
				ENABLE_NS_ASSERTIONS = NO;
				ENABLE_STRICT_OBJC_MSGSEND = YES;
				GCC_C_LANGUAGE_STANDARD = gnu99;
				GCC_NO_COMMON_BLOCKS = YES;
				GCC_WARN_64_TO_32_BIT_CONVERSION = YES;
				GCC_WARN_ABOUT_RETURN_TYPE = YES_ERROR;
				GCC_WARN_UNDECLARED_SELECTOR = YES;
				GCC_WARN_UNINITIALIZED_AUTOS = YES_AGGRESSIVE;
				GCC_WARN_UNUSED_FUNCTION = YES;
				GCC_WARN_UNUSED_VARIABLE = YES;
				IPHONEOS_DEPLOYMENT_TARGET = 9.3;
				MTL_ENABLE_DEBUG_INFO = NO;
				SDKROOT = iphoneos;
				TARGETED_DEVICE_FAMILY = "1,2";
				VALIDATE_PRODUCT = YES;
			};
			name = Release;
		};
		32C45F971D81983000569E72 /* Debug */ = {
			isa = XCBuildConfiguration;
			baseConfigurationReference = C0D695097020A5A4BD779DCE /* Pods-DysonWars.debug.xcconfig */;
			buildSettings = {
				ASSETCATALOG_COMPILER_APPICON_NAME = AppIcon;
				INFOPLIST_FILE = DysonWars/Info.plist;
				LD_RUNPATH_SEARCH_PATHS = "$(inherited) @executable_path/Frameworks";
				PRODUCT_BUNDLE_IDENTIFIER = bencallis.DysonWars;
				PRODUCT_NAME = "$(TARGET_NAME)";
			};
			name = Debug;
		};
		32C45F981D81983000569E72 /* Release */ = {
			isa = XCBuildConfiguration;
			baseConfigurationReference = B83DBD1A8A690A24998D8FA5 /* Pods-DysonWars.release.xcconfig */;
			buildSettings = {
				ASSETCATALOG_COMPILER_APPICON_NAME = AppIcon;
				INFOPLIST_FILE = DysonWars/Info.plist;
				LD_RUNPATH_SEARCH_PATHS = "$(inherited) @executable_path/Frameworks";
				PRODUCT_BUNDLE_IDENTIFIER = bencallis.DysonWars;
				PRODUCT_NAME = "$(TARGET_NAME)";
			};
			name = Release;
		};
/* End XCBuildConfiguration section */

/* Begin XCConfigurationList section */
		32C45F7F1D81983000569E72 /* Build configuration list for PBXProject "DysonWars" */ = {
			isa = XCConfigurationList;
			buildConfigurations = (
				32C45F941D81983000569E72 /* Debug */,
				32C45F951D81983000569E72 /* Release */,
			);
			defaultConfigurationIsVisible = 0;
			defaultConfigurationName = Release;
		};
		32C45F961D81983000569E72 /* Build configuration list for PBXNativeTarget "DysonWars" */ = {
			isa = XCConfigurationList;
			buildConfigurations = (
				32C45F971D81983000569E72 /* Debug */,
				32C45F981D81983000569E72 /* Release */,
			);
			defaultConfigurationIsVisible = 0;
			defaultConfigurationName = Release;
		};
/* End XCConfigurationList section */
	};
	rootObject = 32C45F7C1D81983000569E72 /* Project object */;
}
